# This file is autogenerated, do not edit; changes may be undone by the next 'dep ensure'.


[[projects]]
  branch = "master"
  name = "github.com/dustin/go-humanize"
  packages = ["."]
  revision = "79e699ccd02f240a1f1fbbdcee7e64c1c12e41aa"

[[projects]]
  branch = "master"
  name = "github.com/lucasb-eyer/go-colorful"
  packages = ["."]
  revision = "951b86a69bbd6463d0e19eff378e6905a746e26a"

[[projects]]
  branch = "master"
  name = "github.com/soumya92/barista"
  packages = ["bar","base","base/multi","base/scheduler","colors","modules/battery","modules/clock","modules/group","modules/meminfo","modules/sysinfo","outputs","pango","pango/icons","pango/icons/fontawesome","pango/icons/ionicons","pango/icons/material","pango/icons/material_community","pango/icons/typicons"]
  revision = "ddf3971589f893b9ceb1bf7f0c792fe65766e8aa"

[[projects]]
  branch = "master"
  name = "github.com/spf13/afero"
  packages = [".","mem"]
  revision = "36f8810e2e3d7eeac4ac05b57f65690fbfba62a2"

[[projects]]
  branch = "master"
  name = "golang.org/x/text"
  packages = ["internal/gen","internal/triegen","internal/ucd","transform","unicode/cldr","unicode/norm"]
  revision = "18c65dde6afd36dbc39197ca72008895b8dfbfb6"

[[projects]]
  branch = "v2"
  name = "gopkg.in/yaml.v2"
  packages = ["."]
  revision = "eb3733d160e74a9c7e442f435eb3bea458e1d19f"

[solve-meta]
  analyzer-name = "dep"
  analyzer-version = 1
  inputs-digest = "f912e78966de427e57207505d46b1629f71a7510f901a89fd5a770db719fa952"
  solver-name = "gps-cdcl"
  solver-version = 1
